// !$*UTF8*$!
{
	archiveVersion = 1;
	classes = {
	};
	objectVersion = 50;
	objects = {

/* Begin PBXBuildFile section */
		135B0555238D1A63004089C7 /* main.swift in Sources */ = {isa = PBXBuildFile; fileRef = 135B0554238D1A63004089C7 /* main.swift */; };
		28528C13238DBDE9000631C3 /* PriceEnums.swift in Sources */ = {isa = PBXBuildFile; fileRef = 28528C12238DBDE9000631C3 /* PriceEnums.swift */; };
		28528C15238DBE66000631C3 /* Constants.swift in Sources */ = {isa = PBXBuildFile; fileRef = 28528C14238DBE66000631C3 /* Constants.swift */; };
		28528C17238DBE79000631C3 /* Solution.swift in Sources */ = {isa = PBXBuildFile; fileRef = 28528C16238DBE79000631C3 /* Solution.swift */; };
		28528C1F238DC293000631C3 /* PriceToWordsTest.swift in Sources */ = {isa = PBXBuildFile; fileRef = 28528C1E238DC293000631C3 /* PriceToWordsTest.swift */; };
		28528C29238DC934000631C3 /* PriceEnums.swift in Sources */ = {isa = PBXBuildFile; fileRef = 28528C12238DBDE9000631C3 /* PriceEnums.swift */; };
		28528C2A238DC934000631C3 /* Constants.swift in Sources */ = {isa = PBXBuildFile; fileRef = 28528C14238DBE66000631C3 /* Constants.swift */; };
		28528C2B238DC934000631C3 /* Solution.swift in Sources */ = {isa = PBXBuildFile; fileRef = 28528C16238DBE79000631C3 /* Solution.swift */; };
/* End PBXBuildFile section */

/* Begin PBXCopyFilesBuildPhase section */
		135B054F238D1A63004089C7 /* CopyFiles */ = {
			isa = PBXCopyFilesBuildPhase;
			buildActionMask = 2147483647;
			dstPath = /usr/share/man/man1/;
			dstSubfolderSpec = 0;
			files = (
			);
			runOnlyForDeploymentPostprocessing = 1;
		};
/* End PBXCopyFilesBuildPhase section */

/* Begin PBXFileReference section */
		135B0551238D1A63004089C7 /* PriceToWords */ = {isa = PBXFileReference; explicitFileType = "compiled.mach-o.executable"; includeInIndex = 0; path = PriceToWords; sourceTree = BUILT_PRODUCTS_DIR; };
		135B0554238D1A63004089C7 /* main.swift */ = {isa = PBXFileReference; lastKnownFileType = sourcecode.swift; path = main.swift; sourceTree = "<group>"; };
		28528C12238DBDE9000631C3 /* PriceEnums.swift */ = {isa = PBXFileReference; lastKnownFileType = sourcecode.swift; path = PriceEnums.swift; sourceTree = "<group>"; };
		28528C14238DBE66000631C3 /* Constants.swift */ = {isa = PBXFileReference; lastKnownFileType = sourcecode.swift; path = Constants.swift; sourceTree = "<group>"; };
		28528C16238DBE79000631C3 /* Solution.swift */ = {isa = PBXFileReference; lastKnownFileType = sourcecode.swift; path = Solution.swift; sourceTree = "<group>"; };
		28528C1C238DC293000631C3 /* PriceToWordsTest.xctest */ = {isa = PBXFileReference; explicitFileType = wrapper.cfbundle; includeInIndex = 0; path = PriceToWordsTest.xctest; sourceTree = BUILT_PRODUCTS_DIR; };
		28528C1E238DC293000631C3 /* PriceToWordsTest.swift */ = {isa = PBXFileReference; lastKnownFileType = sourcecode.swift; path = PriceToWordsTest.swift; sourceTree = "<group>"; };
		28528C20238DC293000631C3 /* Info.plist */ = {isa = PBXFileReference; lastKnownFileType = text.plist.xml; path = Info.plist; sourceTree = "<group>"; };
/* End PBXFileReference section */

/* Begin PBXFrameworksBuildPhase section */
		135B054E238D1A63004089C7 /* Frameworks */ = {
			isa = PBXFrameworksBuildPhase;
			buildActionMask = 2147483647;
			files = (
			);
			runOnlyForDeploymentPostprocessing = 0;
		};
		28528C19238DC293000631C3 /* Frameworks */ = {
			isa = PBXFrameworksBuildPhase;
			buildActionMask = 2147483647;
			files = (
			);
			runOnlyForDeploymentPostprocessing = 0;
		};
/* End PBXFrameworksBuildPhase section */

/* Begin PBXGroup section */
		135B0548238D1A63004089C7 = {
			isa = PBXGroup;
			children = (
				135B0553238D1A63004089C7 /* PriceToWords */,
				28528C1D238DC293000631C3 /* PriceToWordsTest */,
				135B0552238D1A63004089C7 /* Products */,
			);
			sourceTree = "<group>";
		};
		135B0552238D1A63004089C7 /* Products */ = {
			isa = PBXGroup;
			children = (
				135B0551238D1A63004089C7 /* PriceToWords */,
				28528C1C238DC293000631C3 /* PriceToWordsTest.xctest */,
			);
			name = Products;
			sourceTree = "<group>";
		};
		135B0553238D1A63004089C7 /* PriceToWords */ = {
			isa = PBXGroup;
			children = (
				135B0554238D1A63004089C7 /* main.swift */,
				28528C12238DBDE9000631C3 /* PriceEnums.swift */,
				28528C14238DBE66000631C3 /* Constants.swift */,
				28528C16238DBE79000631C3 /* Solution.swift */,
			);
			path = PriceToWords;
			sourceTree = "<group>";
		};
		28528C1D238DC293000631C3 /* PriceToWordsTest */ = {
			isa = PBXGroup;
			children = (
				28528C1E238DC293000631C3 /* PriceToWordsTest.swift */,
				28528C20238DC293000631C3 /* Info.plist */,
			);
			path = PriceToWordsTest;
			sourceTree = "<group>";
		};
/* End PBXGroup section */

/* Begin PBXNativeTarget section */
		135B0550238D1A63004089C7 /* PriceToWords */ = {
			isa = PBXNativeTarget;
			buildConfigurationList = 135B0558238D1A63004089C7 /* Build configuration list for PBXNativeTarget "PriceToWords" */;
			buildPhases = (
				135B054D238D1A63004089C7 /* Sources */,
				135B054E238D1A63004089C7 /* Frameworks */,
				135B054F238D1A63004089C7 /* CopyFiles */,
			);
			buildRules = (
			);
			dependencies = (
			);
			name = PriceToWords;
			productName = PriceToWords;
			productReference = 135B0551238D1A63004089C7 /* PriceToWords */;
			productType = "com.apple.product-type.tool";
		};
		28528C1B238DC293000631C3 /* PriceToWordsTest */ = {
			isa = PBXNativeTarget;
			buildConfigurationList = 28528C21238DC293000631C3 /* Build configuration list for PBXNativeTarget "PriceToWordsTest" */;
			buildPhases = (
				28528C18238DC293000631C3 /* Sources */,
				28528C19238DC293000631C3 /* Frameworks */,
				28528C1A238DC293000631C3 /* Resources */,
			);
			buildRules = (
			);
			dependencies = (
			);
			name = PriceToWordsTest;
			productName = PriceToWordsTest;
			productReference = 28528C1C238DC293000631C3 /* PriceToWordsTest.xctest */;
			productType = "com.apple.product-type.bundle.unit-test";
		};
/* End PBXNativeTarget section */

/* Begin PBXProject section */
		135B0549238D1A63004089C7 /* Project object */ = {
			isa = PBXProject;
			attributes = {
				LastSwiftUpdateCheck = 1120;
				LastUpgradeCheck = 1120;
				ORGANIZATIONNAME = Pavel;
				TargetAttributes = {
					135B0550238D1A63004089C7 = {
						CreatedOnToolsVersion = 11.2.1;
					};
					28528C1B238DC293000631C3 = {
						CreatedOnToolsVersion = 11.2.1;
					};
				};
			};
			buildConfigurationList = 135B054C238D1A63004089C7 /* Build configuration list for PBXProject "PriceToWords" */;
			compatibilityVersion = "Xcode 9.3";
			developmentRegion = en;
			hasScannedForEncodings = 0;
			knownRegions = (
				en,
				Base,
			);
			mainGroup = 135B0548238D1A63004089C7;
			productRefGroup = 135B0552238D1A63004089C7 /* Products */;
			projectDirPath = "";
			projectRoot = "";
			targets = (
				135B0550238D1A63004089C7 /* PriceToWords */,
				28528C1B238DC293000631C3 /* PriceToWordsTest */,
			);
		};
/* End PBXProject section */

/* Begin PBXResourcesBuildPhase section */
		28528C1A238DC293000631C3 /* Resources */ = {
			isa = PBXResourcesBuildPhase;
			buildActionMask = 2147483647;
			files = (
			);
			runOnlyForDeploymentPostprocessing = 0;
		};
/* End PBXResourcesBuildPhase section */

/* Begin PBXSourcesBuildPhase section */
		135B054D238D1A63004089C7 /* Sources */ = {
			isa = PBXSourcesBuildPhase;
			buildActionMask = 2147483647;
			files = (
				28528C13238DBDE9000631C3 /* PriceEnums.swift in Sources */,
				135B0555238D1A63004089C7 /* main.swift in Sources */,
				28528C17238DBE79000631C3 /* Solution.swift in Sources */,
				28528C15238DBE66000631C3 /* Constants.swift in Sources */,
			);
			runOnlyForDeploymentPostprocessing = 0;
		};
		28528C18238DC293000631C3 /* Sources */ = {
			isa = PBXSourcesBuildPhase;
			buildActionMask = 2147483647;
			files = (
				28528C29238DC934000631C3 /* PriceEnums.swift in Sources */,
				28528C1F238DC293000631C3 /* PriceToWordsTest.swift in Sources */,
				28528C2B238DC934000631C3 /* Solution.swift in Sources */,
				28528C2A238DC934000631C3 /* Constants.swift in Sources */,
			);
			runOnlyForDeploymentPostprocessing = 0;
		};
/* End PBXSourcesBuildPhase section */

/* Begin XCBuildConfiguration section */
		135B0556238D1A63004089C7 /* Debug */ = {
			isa = XCBuildConfiguration;
			buildSettings = {
				ALWAYS_SEARCH_USER_PATHS = NO;
				CLANG_ANALYZER_NONNULL = YES;
				CLANG_ANALYZER_NUMBER_OBJECT_CONVERSION = YES_AGGRESSIVE;
				CLANG_CXX_LANGUAGE_STANDARD = "gnu++14";
				CLANG_CXX_LIBRARY = "libc++";
				CLANG_ENABLE_MODULES = YES;
				CLANG_ENABLE_OBJC_ARC = YES;
				CLANG_ENABLE_OBJC_WEAK = YES;
				CLANG_WARN_BLOCK_CAPTURE_AUTORELEASING = YES;
				CLANG_WARN_BOOL_CONVERSION = YES;
				CLANG_WARN_COMMA = YES;
				CLANG_WARN_CONSTANT_CONVERSION = YES;
				CLANG_WARN_DEPRECATED_OBJC_IMPLEMENTATIONS = YES;
				CLANG_WARN_DIRECT_OBJC_ISA_USAGE = YES_ERROR;
				CLANG_WARN_DOCUMENTATION_COMMENTS = YES;
				CLANG_WARN_EMPTY_BODY = YES;
				CLANG_WARN_ENUM_CONVERSION = YES;
				CLANG_WARN_INFINITE_RECURSION = YES;
				CLANG_WARN_INT_CONVERSION = YES;
				CLANG_WARN_NON_LITERAL_NULL_CONVERSION = YES;
				CLANG_WARN_OBJC_IMPLICIT_RETAIN_SELF = YES;
				CLANG_WARN_OBJC_LITERAL_CONVERSION = YES;
				CLANG_WARN_OBJC_ROOT_CLASS = YES_ERROR;
				CLANG_WARN_RANGE_LOOP_ANALYSIS = YES;
				CLANG_WARN_STRICT_PROTOTYPES = YES;
				CLANG_WARN_SUSPICIOUS_MOVE = YES;
				CLANG_WARN_UNGUARDED_AVAILABILITY = YES_AGGRESSIVE;
				CLANG_WARN_UNREACHABLE_CODE = YES;
				CLANG_WARN__DUPLICATE_METHOD_MATCH = YES;
				COPY_PHASE_STRIP = NO;
				DEBUG_INFORMATION_FORMAT = dwarf;
				ENABLE_STRICT_OBJC_MSGSEND = YES;
				ENABLE_TESTABILITY = YES;
				GCC_C_LANGUAGE_STANDARD = gnu11;
				GCC_DYNAMIC_NO_PIC = NO;
				GCC_NO_COMMON_BLOCKS = YES;
				GCC_OPTIMIZATION_LEVEL = 0;
				GCC_PREPROCESSOR_DEFINITIONS = (
					"DEBUG=1",
					"$(inherited)",
				);
				GCC_WARN_64_TO_32_BIT_CONVERSION = YES;
				GCC_WARN_ABOUT_RETURN_TYPE = YES_ERROR;
				GCC_WARN_UNDECLARED_SELECTOR = YES;
				GCC_WARN_UNINITIALIZED_AUTOS = YES_AGGRESSIVE;
				GCC_WARN_UNUSED_FUNCTION = YES;
				GCC_WARN_UNUSED_VARIABLE = YES;
				MACOSX_DEPLOYMENT_TARGET = 10.15;
				MTL_ENABLE_DEBUG_INFO = INCLUDE_SOURCE;
				MTL_FAST_MATH = YES;
				ONLY_ACTIVE_ARCH = YES;
				SDKROOT = macosx;
				SWIFT_ACTIVE_COMPILATION_CONDITIONS = DEBUG;
				SWIFT_OPTIMIZATION_LEVEL = "-Onone";
			};
			name = Debug;
		};
		135B0557238D1A63004089C7 /* Release */ = {
			isa = XCBuildConfiguration;
			buildSettings = {
				ALWAYS_SEARCH_USER_PATHS = NO;
				CLANG_ANALYZER_NONNULL = YES;
				CLANG_ANALYZER_NUMBER_OBJECT_CONVERSION = YES_AGGRESSIVE;
				CLANG_CXX_LANGUAGE_STANDARD = "gnu++14";
				CLANG_CXX_LIBRARY = "libc++";
				CLANG_ENABLE_MODULES = YES;
				CLANG_ENABLE_OBJC_ARC = YES;
				CLANG_ENABLE_OBJC_WEAK = YES;
				CLANG_WARN_BLOCK_CAPTURE_AUTORELEASING = YES;
				CLANG_WARN_BOOL_CONVERSION = YES;
				CLANG_WARN_COMMA = YES;
				CLANG_WARN_CONSTANT_CONVERSION = YES;
				CLANG_WARN_DEPRECATED_OBJC_IMPLEMENTATIONS = YES;
				CLANG_WARN_DIRECT_OBJC_ISA_USAGE = YES_ERROR;
				CLANG_WARN_DOCUMENTATION_COMMENTS = YES;
				CLANG_WARN_EMPTY_BODY = YES;
				CLANG_WARN_ENUM_CONVERSION = YES;
				CLANG_WARN_INFINITE_RECURSION = YES;
				CLANG_WARN_INT_CONVERSION = YES;
				CLANG_WARN_NON_LITERAL_NULL_CONVERSION = YES;
				CLANG_WARN_OBJC_IMPLICIT_RETAIN_SELF = YES;
				CLANG_WARN_OBJC_LITERAL_CONVERSION = YES;
				CLANG_WARN_OBJC_ROOT_CLASS = YES_ERROR;
				CLANG_WARN_RANGE_LOOP_ANALYSIS = YES;
				CLANG_WARN_STRICT_PROTOTYPES = YES;
				CLANG_WARN_SUSPICIOUS_MOVE = YES;
				CLANG_WARN_UNGUARDED_AVAILABILITY = YES_AGGRESSIVE;
				CLANG_WARN_UNREACHABLE_CODE = YES;
				CLANG_WARN__DUPLICATE_METHOD_MATCH = YES;
				COPY_PHASE_STRIP = NO;
				DEBUG_INFORMATION_FORMAT = "dwarf-with-dsym";
				ENABLE_NS_ASSERTIONS = NO;
				ENABLE_STRICT_OBJC_MSGSEND = YES;
				GCC_C_LANGUAGE_STANDARD = gnu11;
				GCC_NO_COMMON_BLOCKS = YES;
				GCC_WARN_64_TO_32_BIT_CONVERSION = YES;
				GCC_WARN_ABOUT_RETURN_TYPE = YES_ERROR;
				GCC_WARN_UNDECLARED_SELECTOR = YES;
				GCC_WARN_UNINITIALIZED_AUTOS = YES_AGGRESSIVE;
				GCC_WARN_UNUSED_FUNCTION = YES;
				GCC_WARN_UNUSED_VARIABLE = YES;
				MACOSX_DEPLOYMENT_TARGET = 10.15;
				MTL_ENABLE_DEBUG_INFO = NO;
				MTL_FAST_MATH = YES;
				SDKROOT = macosx;
				SWIFT_COMPILATION_MODE = wholemodule;
				SWIFT_OPTIMIZATION_LEVEL = "-O";
			};
			name = Release;
		};
		135B0559238D1A63004089C7 /* Debug */ = {
			isa = XCBuildConfiguration;
			buildSettings = {
				CODE_SIGN_STYLE = Manual;
				DEVELOPMENT_TEAM = "";
				ENABLE_HARDENED_RUNTIME = YES;
				PRODUCT_NAME = "$(TARGET_NAME)";
				PROVISIONING_PROFILE_SPECIFIER = "";
				SWIFT_VERSION = 5.0;
			};
			name = Debug;
		};
		135B055A238D1A63004089C7 /* Release */ = {
			isa = XCBuildConfiguration;
			buildSettings = {
				CODE_SIGN_STYLE = Manual;
				DEVELOPMENT_TEAM = "";
				ENABLE_HARDENED_RUNTIME = YES;
				PRODUCT_NAME = "$(TARGET_NAME)";
				PROVISIONING_PROFILE_SPECIFIER = "";
				SWIFT_VERSION = 5.0;
			};
			name = Release;
		};
		28528C22238DC293000631C3 /* Debug */ = {
			isa = XCBuildConfiguration;
			buildSettings = {
				CODE_SIGN_STYLE = Manual;
				COMBINE_HIDPI_IMAGES = YES;
				DEVELOPMENT_TEAM = "";
				INFOPLIST_FILE = PriceToWordsTest/Info.plist;
				LD_RUNPATH_SEARCH_PATHS = (
					"$(inherited)",
					"@executable_path/../Frameworks",
					"@loader_path/../Frameworks",
				);
				PRODUCT_BUNDLE_IDENTIFIER = tesss.PriceToWordsTest;
				PRODUCT_NAME = "$(TARGET_NAME)";
				PROVISIONING_PROFILE_SPECIFIER = "";
				SWIFT_VERSION = 5.0;
			};
			name = Debug;
		};
		28528C23238DC293000631C3 /* Release */ = {
			isa = XCBuildConfiguration;
			buildSettings = {
				CODE_SIGN_STYLE = Manual;
				COMBINE_HIDPI_IMAGES = YES;
				DEVELOPMENT_TEAM = "";
				INFOPLIST_FILE = PriceToWordsTest/Info.plist;
				LD_RUNPATH_SEARCH_PATHS = (
					"$(inherited)",
					"@executable_path/../Frameworks",
					"@loader_path/../Frameworks",
				);
				PRODUCT_BUNDLE_IDENTIFIER = tesss.PriceToWordsTest;
				PRODUCT_NAME = "$(TARGET_NAME)";
				PROVISIONING_PROFILE_SPECIFIER = "";
				SWIFT_VERSION = 5.0;
			};
			name = Release;
		};
/* End XCBuildConfiguration section */

/* Begin XCConfigurationList section */
		135B054C238D1A63004089C7 /* Build configuration list for PBXProject "PriceToWords" */ = {
			isa = XCConfigurationList;
			buildConfigurations = (
				135B0556238D1A63004089C7 /* Debug */,
				135B0557238D1A63004089C7 /* Release */,
			);
			defaultConfigurationIsVisible = 0;
			defaultConfigurationName = Release;
		};
		135B0558238D1A63004089C7 /* Build configuration list for PBXNativeTarget "PriceToWords" */ = {
			isa = XCConfigurationList;
			buildConfigurations = (
				135B0559238D1A63004089C7 /* Debug */,
				135B055A238D1A63004089C7 /* Release */,
			);
			defaultConfigurationIsVisible = 0;
			defaultConfigurationName = Release;
		};
		28528C21238DC293000631C3 /* Build configuration list for PBXNativeTarget "PriceToWordsTest" */ = {
			isa = XCConfigurationList;
			buildConfigurations = (
				28528C22238DC293000631C3 /* Debug */,
				28528C23238DC293000631C3 /* Release */,
			);
			defaultConfigurationIsVisible = 0;
			defaultConfigurationName = Release;
		};
/* End XCConfigurationList section */
	};
	rootObject = 135B0549238D1A63004089C7 /* Project object */;
}
